
Microsoft Visual Studio Solution File, Format Version 12.00
# Visual Studio Version 16
VisualStudioVersion = 16.0.31515.178
MinimumVisualStudioVersion = 10.0.40219.1
Project("{9A19103F-16F7-4668-BE54-9A1E7A4F7556}") = "PZCheeseria", "PZCheeseria\PZCheeseria.csproj", "{09E86C2E-E9E8-4894-999E-591BB36A35CF}"
EndProject
Project("{FAE04EC0-301F-11D3-BF4B-00C04F79EFBC}") = "PZCheeseria.Tests", "PZCheeseria.Tests\PZCheeseria.Tests.csproj", "{4CC2D931-1844-41DB-BCAB-825FF5EDAA47}"
EndProject
Global
	GlobalSection(SolutionConfigurationPlatforms) = preSolution
		Debug|Any CPU = Debug|Any CPU
		Release|Any CPU = Release|Any CPU
	EndGlobalSection
	GlobalSection(ProjectConfigurationPlatforms) = postSolution
		{09E86C2E-E9E8-4894-999E-591BB36A35CF}.Debug|Any CPU.ActiveCfg = Debug|Any CPU
		{09E86C2E-E9E8-4894-999E-591BB36A35CF}.Debug|Any CPU.Build.0 = Debug|Any CPU
		{09E86C2E-E9E8-4894-999E-591BB36A35CF}.Release|Any CPU.ActiveCfg = Release|Any CPU
		{09E86C2E-E9E8-4894-999E-591BB36A35CF}.Release|Any CPU.Build.0 = Release|Any CPU
		{4CC2D931-1844-41DB-BCAB-825FF5EDAA47}.Debug|Any CPU.ActiveCfg = Debug|Any CPU
		{4CC2D931-1844-41DB-BCAB-825FF5EDAA47}.Debug|Any CPU.Build.0 = Debug|Any CPU
		{4CC2D931-1844-41DB-BCAB-825FF5EDAA47}.Release|Any CPU.ActiveCfg = Release|Any CPU
		{4CC2D931-1844-41DB-BCAB-825FF5EDAA47}.Release|Any CPU.Build.0 = Release|Any CPU
	EndGlobalSection
	GlobalSection(SolutionProperties) = preSolution
		HideSolutionNode = FALSE
	EndGlobalSection
	GlobalSection(ExtensibilityGlobals) = postSolution
		SolutionGuid = {1D264440-1207-4FD5-BF50-F219914D12DC}
	EndGlobalSection
EndGlobal
